
Microsoft Visual Studio Solution File, Format Version 12.00
# Visual Studio Version 17
VisualStudioVersion = 17.0.32126.317
MinimumVisualStudioVersion = 10.0.40219.1
Project("{FAE04EC0-301F-11D3-BF4B-00C04F79EFBC}") = "Ch09ClassLib", "Ch09ClassLib\Ch09ClassLib.csproj", "{C00531EF-1BF0-40A4-A50F-195736C59EBE}"
EndProject
Project("{FAE04EC0-301F-11D3-BF4B-00C04F79EFBC}") = "Ch09Ex02", "Ch09Ex02\Ch09Ex02.csproj", "{FCF6670B-12B2-487F-83BC-ACBA7F76C583}"
EndProject
Global
	GlobalSection(SolutionConfigurationPlatforms) = preSolution
		Debug|Any CPU = Debug|Any CPU
		Release|Any CPU = Release|Any CPU
	EndGlobalSection
	GlobalSection(ProjectConfigurationPlatforms) = postSolution
		{C00531EF-1BF0-40A4-A50F-195736C59EBE}.Debug|Any CPU.ActiveCfg = Debug|Any CPU
		{C00531EF-1BF0-40A4-A50F-195736C59EBE}.Debug|Any CPU.Build.0 = Debug|Any CPU
		{C00531EF-1BF0-40A4-A50F-195736C59EBE}.Release|Any CPU.ActiveCfg = Release|Any CPU
		{C00531EF-1BF0-40A4-A50F-195736C59EBE}.Release|Any CPU.Build.0 = Release|Any CPU
		{FCF6670B-12B2-487F-83BC-ACBA7F76C583}.Debug|Any CPU.ActiveCfg = Debug|Any CPU
		{FCF6670B-12B2-487F-83BC-ACBA7F76C583}.Debug|Any CPU.Build.0 = Debug|Any CPU
		{FCF6670B-12B2-487F-83BC-ACBA7F76C583}.Release|Any CPU.ActiveCfg = Release|Any CPU
		{FCF6670B-12B2-487F-83BC-ACBA7F76C583}.Release|Any CPU.Build.0 = Release|Any CPU
	EndGlobalSection
	GlobalSection(SolutionProperties) = preSolution
		HideSolutionNode = FALSE
	EndGlobalSection
	GlobalSection(ExtensibilityGlobals) = postSolution
		SolutionGuid = {ECDC21EC-3F88-40D3-A08E-574F207FA19E}
	EndGlobalSection
EndGlobal
