
Microsoft Visual Studio Solution File, Format Version 12.00
# Visual Studio Version 17
VisualStudioVersion = 17.0.32126.317
MinimumVisualStudioVersion = 10.0.40219.1
Project("{FAE04EC0-301F-11D3-BF4B-00C04F79EFBC}") = "Ch03Ex02", "Ch03Ex02.csproj", "{3A7502D4-3E73-4D76-ACB8-87D2C496A78C}"
EndProject
Global
	GlobalSection(SolutionConfigurationPlatforms) = preSolution
		Debug|Any CPU = Debug|Any CPU
		Release|Any CPU = Release|Any CPU
	EndGlobalSection
	GlobalSection(ProjectConfigurationPlatforms) = postSolution
		{3A7502D4-3E73-4D76-ACB8-87D2C496A78C}.Debug|Any CPU.ActiveCfg = Debug|Any CPU
		{3A7502D4-3E73-4D76-ACB8-87D2C496A78C}.Debug|Any CPU.Build.0 = Debug|Any CPU
		{3A7502D4-3E73-4D76-ACB8-87D2C496A78C}.Release|Any CPU.ActiveCfg = Release|Any CPU
		{3A7502D4-3E73-4D76-ACB8-87D2C496A78C}.Release|Any CPU.Build.0 = Release|Any CPU
	EndGlobalSection
	GlobalSection(SolutionProperties) = preSolution
		HideSolutionNode = FALSE
	EndGlobalSection
	GlobalSection(ExtensibilityGlobals) = postSolution
		SolutionGuid = {A5F14C25-97B2-4E28-AC89-5572F87A76A5}
	EndGlobalSection
EndGlobal
