
Microsoft Visual Studio Solution File, Format Version 12.00
# Visual Studio Version 17
VisualStudioVersion = 17.0.32126.317
MinimumVisualStudioVersion = 10.0.40219.1
Project("{9A19103F-16F7-4668-BE54-9A1E7A4F7556}") = "Ch06Ex01", "Ch06Ex01.csproj", "{926AF557-485C-4D63-BD7F-6E0664CC049F}"
EndProject
Project("{9A19103F-16F7-4668-BE54-9A1E7A4F7556}") = "ExchangingData", "..\ExchangingData\ExchangingData.csproj", "{5520F6C0-B96A-40D0-A60A-DF35C73FA7AD}"
EndProject
Project("{FAE04EC0-301F-11D3-BF4B-00C04F79EFBC}") = "OveroadingFuntions", "..\OveroadingFuntions\OveroadingFuntions.csproj", "{EB43F657-F99F-4AC1-B95F-332EC586E45B}"
EndProject
Global
	GlobalSection(SolutionConfigurationPlatforms) = preSolution
		Debug|Any CPU = Debug|Any CPU
		Release|Any CPU = Release|Any CPU
	EndGlobalSection
	GlobalSection(ProjectConfigurationPlatforms) = postSolution
		{926AF557-485C-4D63-BD7F-6E0664CC049F}.Debug|Any CPU.ActiveCfg = Debug|Any CPU
		{926AF557-485C-4D63-BD7F-6E0664CC049F}.Debug|Any CPU.Build.0 = Debug|Any CPU
		{926AF557-485C-4D63-BD7F-6E0664CC049F}.Release|Any CPU.ActiveCfg = Release|Any CPU
		{926AF557-485C-4D63-BD7F-6E0664CC049F}.Release|Any CPU.Build.0 = Release|Any CPU
		{5520F6C0-B96A-40D0-A60A-DF35C73FA7AD}.Debug|Any CPU.ActiveCfg = Debug|Any CPU
		{5520F6C0-B96A-40D0-A60A-DF35C73FA7AD}.Debug|Any CPU.Build.0 = Debug|Any CPU
		{5520F6C0-B96A-40D0-A60A-DF35C73FA7AD}.Release|Any CPU.ActiveCfg = Release|Any CPU
		{5520F6C0-B96A-40D0-A60A-DF35C73FA7AD}.Release|Any CPU.Build.0 = Release|Any CPU
		{EB43F657-F99F-4AC1-B95F-332EC586E45B}.Debug|Any CPU.ActiveCfg = Debug|Any CPU
		{EB43F657-F99F-4AC1-B95F-332EC586E45B}.Debug|Any CPU.Build.0 = Debug|Any CPU
		{EB43F657-F99F-4AC1-B95F-332EC586E45B}.Release|Any CPU.ActiveCfg = Release|Any CPU
		{EB43F657-F99F-4AC1-B95F-332EC586E45B}.Release|Any CPU.Build.0 = Release|Any CPU
	EndGlobalSection
	GlobalSection(SolutionProperties) = preSolution
		HideSolutionNode = FALSE
	EndGlobalSection
	GlobalSection(ExtensibilityGlobals) = postSolution
		SolutionGuid = {C17559F0-43E0-4555-B51D-8BF828ADF511}
	EndGlobalSection
EndGlobal
