
Microsoft Visual Studio Solution File, Format Version 12.00
# Visual Studio Version 17
VisualStudioVersion = 17.0.32126.317
MinimumVisualStudioVersion = 10.0.40219.1
Project("{FAE04EC0-301F-11D3-BF4B-00C04F79EFBC}") = "Ch09Exo1", "Ch09Exo1.csproj", "{A7AE9EEC-F3D6-4020-B2AD-82BCC6BB2493}"
EndProject
Global
	GlobalSection(SolutionConfigurationPlatforms) = preSolution
		Debug|Any CPU = Debug|Any CPU
		Release|Any CPU = Release|Any CPU
	EndGlobalSection
	GlobalSection(ProjectConfigurationPlatforms) = postSolution
		{A7AE9EEC-F3D6-4020-B2AD-82BCC6BB2493}.Debug|Any CPU.ActiveCfg = Debug|Any CPU
		{A7AE9EEC-F3D6-4020-B2AD-82BCC6BB2493}.Debug|Any CPU.Build.0 = Debug|Any CPU
		{A7AE9EEC-F3D6-4020-B2AD-82BCC6BB2493}.Release|Any CPU.ActiveCfg = Release|Any CPU
		{A7AE9EEC-F3D6-4020-B2AD-82BCC6BB2493}.Release|Any CPU.Build.0 = Release|Any CPU
	EndGlobalSection
	GlobalSection(SolutionProperties) = preSolution
		HideSolutionNode = FALSE
	EndGlobalSection
	GlobalSection(ExtensibilityGlobals) = postSolution
		SolutionGuid = {77B05DB8-F33D-4E28-A350-3DA1F05ED645}
	EndGlobalSection
EndGlobal
